// !$*UTF8*$!
{
	archiveVersion = 1;
	classes = {
	};
	objectVersion = 50;
	objects = {

/* Begin PBXBuildFile section */
		8D19512D26ED8AEB008BA371 /* Movies.swift in Sources */ = {isa = PBXBuildFile; fileRef = 8D19512C26ED8AEB008BA371 /* Movies.swift */; };
		8D19513126ED8EBA008BA371 /* DatabaseHandler.swift in Sources */ = {isa = PBXBuildFile; fileRef = 8D19513026ED8EBA008BA371 /* DatabaseHandler.swift */; };
		8D301EDF26EFC9F800F5C66F /* NetworkServicesMovies.swift in Sources */ = {isa = PBXBuildFile; fileRef = 8D301EDE26EFC9F800F5C66F /* NetworkServicesMovies.swift */; };
		8D301EE126EFCFA500F5C66F /* MoviesServiceModel.swift in Sources */ = {isa = PBXBuildFile; fileRef = 8D301EE026EFCFA500F5C66F /* MoviesServiceModel.swift */; };
		8D301EE326F005B700F5C66F /* BaseTabController.swift in Sources */ = {isa = PBXBuildFile; fileRef = 8D301EE226F005B600F5C66F /* BaseTabController.swift */; };
		8D301EE626F0161200F5C66F /* PopularController.swift in Sources */ = {isa = PBXBuildFile; fileRef = 8D301EE526F0161200F5C66F /* PopularController.swift */; };
		8D301EE826F019B600F5C66F /* BaseListController.swift in Sources */ = {isa = PBXBuildFile; fileRef = 8D301EE726F019B600F5C66F /* BaseListController.swift */; };
		8D301EEA26F01B9E00F5C66F /* PopulaViewCell.swift in Sources */ = {isa = PBXBuildFile; fileRef = 8D301EE926F01B9E00F5C66F /* PopulaViewCell.swift */; };
		8D6BAD7E26F1020A000EB1AF /* UIView+Layout.swift in Sources */ = {isa = PBXBuildFile; fileRef = 8D6BAD7D26F1020A000EB1AF /* UIView+Layout.swift */; };
		8D6BAD8526F11489000EB1AF /* TopRatedViewController.swift in Sources */ = {isa = PBXBuildFile; fileRef = 8D6BAD8426F11489000EB1AF /* TopRatedViewController.swift */; };
		8D6BAD8726F115C2000EB1AF /* UpcomingViewController.swift in Sources */ = {isa = PBXBuildFile; fileRef = 8D6BAD8626F115C2000EB1AF /* UpcomingViewController.swift */; };
		8D6BAD8C26F11676000EB1AF /* SearchViewController.swift in Sources */ = {isa = PBXBuildFile; fileRef = 8D6BAD8B26F11676000EB1AF /* SearchViewController.swift */; };
		8DD036E226EC0E68005D4296 /* AppDelegate.swift in Sources */ = {isa = PBXBuildFile; fileRef = 8DD036E126EC0E68005D4296 /* AppDelegate.swift */; };
		8DD036E426EC0E68005D4296 /* SceneDelegate.swift in Sources */ = {isa = PBXBuildFile; fileRef = 8DD036E326EC0E68005D4296 /* SceneDelegate.swift */; };
		8DD036E626EC0E68005D4296 /* ViewController.swift in Sources */ = {isa = PBXBuildFile; fileRef = 8DD036E526EC0E68005D4296 /* ViewController.swift */; };
		8DD036E926EC0E68005D4296 /* Main.storyboard in Resources */ = {isa = PBXBuildFile; fileRef = 8DD036E726EC0E68005D4296 /* Main.storyboard */; };
		8DD036EC26EC0E68005D4296 /* tmdMovie.xcdatamodeld in Sources */ = {isa = PBXBuildFile; fileRef = 8DD036EA26EC0E68005D4296 /* tmdMovie.xcdatamodeld */; };
		8DD036EE26EC0E6B005D4296 /* Assets.xcassets in Resources */ = {isa = PBXBuildFile; fileRef = 8DD036ED26EC0E6B005D4296 /* Assets.xcassets */; };
		8DD036F126EC0E6B005D4296 /* LaunchScreen.storyboard in Resources */ = {isa = PBXBuildFile; fileRef = 8DD036EF26EC0E6B005D4296 /* LaunchScreen.storyboard */; };
		8DD036FD26EC15AC005D4296 /* Popular.swift in Sources */ = {isa = PBXBuildFile; fileRef = 8DD036FC26EC15AC005D4296 /* Popular.swift */; };
		8DD036FF26EC15C9005D4296 /* TopRated.swift in Sources */ = {isa = PBXBuildFile; fileRef = 8DD036FE26EC15C9005D4296 /* TopRated.swift */; };
		8DD0370126EC15E1005D4296 /* UpComing.swift in Sources */ = {isa = PBXBuildFile; fileRef = 8DD0370026EC15E1005D4296 /* UpComing.swift */; };
		8DD0370326EC16A2005D4296 /* MovieNetworkServices.swift in Sources */ = {isa = PBXBuildFile; fileRef = 8DD0370226EC16A2005D4296 /* MovieNetworkServices.swift */; };
		8DD0370626EC2030005D4296 /* MD5.swift in Sources */ = {isa = PBXBuildFile; fileRef = 8DD0370526EC2030005D4296 /* MD5.swift */; };
		8DD0370826EC3CF7005D4296 /* APIError.swift in Sources */ = {isa = PBXBuildFile; fileRef = 8DD0370726EC3CF7005D4296 /* APIError.swift */; };
/* End PBXBuildFile section */

/* Begin PBXFileReference section */
		8D19512C26ED8AEB008BA371 /* Movies.swift */ = {isa = PBXFileReference; lastKnownFileType = sourcecode.swift; path = Movies.swift; sourceTree = "<group>"; };
		8D19513026ED8EBA008BA371 /* DatabaseHandler.swift */ = {isa = PBXFileReference; lastKnownFileType = sourcecode.swift; path = DatabaseHandler.swift; sourceTree = "<group>"; };
		8D301EDE26EFC9F800F5C66F /* NetworkServicesMovies.swift */ = {isa = PBXFileReference; lastKnownFileType = sourcecode.swift; path = NetworkServicesMovies.swift; sourceTree = "<group>"; };
		8D301EE026EFCFA500F5C66F /* MoviesServiceModel.swift */ = {isa = PBXFileReference; lastKnownFileType = sourcecode.swift; path = MoviesServiceModel.swift; sourceTree = "<group>"; };
		8D301EE226F005B600F5C66F /* BaseTabController.swift */ = {isa = PBXFileReference; lastKnownFileType = sourcecode.swift; path = BaseTabController.swift; sourceTree = "<group>"; };
		8D301EE526F0161200F5C66F /* PopularController.swift */ = {isa = PBXFileReference; lastKnownFileType = sourcecode.swift; path = PopularController.swift; sourceTree = "<group>"; };
		8D301EE726F019B600F5C66F /* BaseListController.swift */ = {isa = PBXFileReference; lastKnownFileType = sourcecode.swift; path = BaseListController.swift; sourceTree = "<group>"; };
		8D301EE926F01B9E00F5C66F /* PopulaViewCell.swift */ = {isa = PBXFileReference; lastKnownFileType = sourcecode.swift; path = PopulaViewCell.swift; sourceTree = "<group>"; };
		8D6BAD7D26F1020A000EB1AF /* UIView+Layout.swift */ = {isa = PBXFileReference; lastKnownFileType = sourcecode.swift; path = "UIView+Layout.swift"; sourceTree = "<group>"; };
		8D6BAD8426F11489000EB1AF /* TopRatedViewController.swift */ = {isa = PBXFileReference; lastKnownFileType = sourcecode.swift; path = TopRatedViewController.swift; sourceTree = "<group>"; };
		8D6BAD8626F115C2000EB1AF /* UpcomingViewController.swift */ = {isa = PBXFileReference; lastKnownFileType = sourcecode.swift; path = UpcomingViewController.swift; sourceTree = "<group>"; };
		8D6BAD8B26F11676000EB1AF /* SearchViewController.swift */ = {isa = PBXFileReference; lastKnownFileType = sourcecode.swift; path = SearchViewController.swift; sourceTree = "<group>"; };
		8DD036DE26EC0E68005D4296 /* tmdMovie.app */ = {isa = PBXFileReference; explicitFileType = wrapper.application; includeInIndex = 0; path = tmdMovie.app; sourceTree = BUILT_PRODUCTS_DIR; };
		8DD036E126EC0E68005D4296 /* AppDelegate.swift */ = {isa = PBXFileReference; lastKnownFileType = sourcecode.swift; path = AppDelegate.swift; sourceTree = "<group>"; };
		8DD036E326EC0E68005D4296 /* SceneDelegate.swift */ = {isa = PBXFileReference; lastKnownFileType = sourcecode.swift; path = SceneDelegate.swift; sourceTree = "<group>"; };
		8DD036E526EC0E68005D4296 /* ViewController.swift */ = {isa = PBXFileReference; lastKnownFileType = sourcecode.swift; path = ViewController.swift; sourceTree = "<group>"; };
		8DD036E826EC0E68005D4296 /* Base */ = {isa = PBXFileReference; lastKnownFileType = file.storyboard; name = Base; path = Base.lproj/Main.storyboard; sourceTree = "<group>"; };
		8DD036EB26EC0E68005D4296 /* tmdMovie.xcdatamodel */ = {isa = PBXFileReference; lastKnownFileType = wrapper.xcdatamodel; path = tmdMovie.xcdatamodel; sourceTree = "<group>"; };
		8DD036ED26EC0E6B005D4296 /* Assets.xcassets */ = {isa = PBXFileReference; lastKnownFileType = folder.assetcatalog; path = Assets.xcassets; sourceTree = "<group>"; };
		8DD036F026EC0E6B005D4296 /* Base */ = {isa = PBXFileReference; lastKnownFileType = file.storyboard; name = Base; path = Base.lproj/LaunchScreen.storyboard; sourceTree = "<group>"; };
		8DD036F226EC0E6B005D4296 /* Info.plist */ = {isa = PBXFileReference; lastKnownFileType = text.plist.xml; path = Info.plist; sourceTree = "<group>"; };
		8DD036FC26EC15AC005D4296 /* Popular.swift */ = {isa = PBXFileReference; lastKnownFileType = sourcecode.swift; path = Popular.swift; sourceTree = "<group>"; };
		8DD036FE26EC15C9005D4296 /* TopRated.swift */ = {isa = PBXFileReference; lastKnownFileType = sourcecode.swift; path = TopRated.swift; sourceTree = "<group>"; };
		8DD0370026EC15E1005D4296 /* UpComing.swift */ = {isa = PBXFileReference; lastKnownFileType = sourcecode.swift; path = UpComing.swift; sourceTree = "<group>"; };
		8DD0370226EC16A2005D4296 /* MovieNetworkServices.swift */ = {isa = PBXFileReference; lastKnownFileType = sourcecode.swift; path = MovieNetworkServices.swift; sourceTree = "<group>"; };
		8DD0370526EC2030005D4296 /* MD5.swift */ = {isa = PBXFileReference; lastKnownFileType = sourcecode.swift; path = MD5.swift; sourceTree = "<group>"; };
		8DD0370726EC3CF7005D4296 /* APIError.swift */ = {isa = PBXFileReference; lastKnownFileType = sourcecode.swift; path = APIError.swift; sourceTree = "<group>"; };
/* End PBXFileReference section */

/* Begin PBXFrameworksBuildPhase section */
		8DD036DB26EC0E68005D4296 /* Frameworks */ = {
			isa = PBXFrameworksBuildPhase;
			buildActionMask = 2147483647;
			files = (
			);
			runOnlyForDeploymentPostprocessing = 0;
		};
/* End PBXFrameworksBuildPhase section */

/* Begin PBXGroup section */
		8D19512E26ED8E77008BA371 /* DataManager */ = {
			isa = PBXGroup;
			children = (
				8D19513026ED8EBA008BA371 /* DatabaseHandler.swift */,
			);
			path = DataManager;
			sourceTree = "<group>";
		};
		8D301EE426F015DE00F5C66F /* Popular */ = {
			isa = PBXGroup;
			children = (
				8D301EE526F0161200F5C66F /* PopularController.swift */,
			);
			path = Popular;
			sourceTree = "<group>";
		};
		8D6BAD7C26F101E3000EB1AF /* Helpers */ = {
			isa = PBXGroup;
			children = (
				8D6BAD7D26F1020A000EB1AF /* UIView+Layout.swift */,
			);
			path = Helpers;
			sourceTree = "<group>";
		};
		8D6BAD7F26F113BF000EB1AF /* PopularView */ = {
			isa = PBXGroup;
			children = (
				8D301EE926F01B9E00F5C66F /* PopulaViewCell.swift */,
			);
			path = PopularView;
			sourceTree = "<group>";
		};
		8D6BAD8026F113FA000EB1AF /* TopRated */ = {
			isa = PBXGroup;
			children = (
				8D6BAD8426F11489000EB1AF /* TopRatedViewController.swift */,
			);
			path = TopRated;
			sourceTree = "<group>";
		};
		8D6BAD8126F11403000EB1AF /* TopRatedView */ = {
			isa = PBXGroup;
			children = (
			);
			path = TopRatedView;
			sourceTree = "<group>";
		};
		8D6BAD8226F1140D000EB1AF /* UpcomingView */ = {
			isa = PBXGroup;
			children = (
			);
			path = UpcomingView;
			sourceTree = "<group>";
		};
		8D6BAD8326F11418000EB1AF /* Upcoming */ = {
			isa = PBXGroup;
			children = (
				8D6BAD8626F115C2000EB1AF /* UpcomingViewController.swift */,
			);
			path = Upcoming;
			sourceTree = "<group>";
		};
		8D6BAD8826F11626000EB1AF /* Search */ = {
			isa = PBXGroup;
			children = (
				8D6BAD8B26F11676000EB1AF /* SearchViewController.swift */,
			);
			path = Search;
			sourceTree = "<group>";
		};
		8D6BAD8926F1163D000EB1AF /* SearchView */ = {
			isa = PBXGroup;
			children = (
			);
			path = SearchView;
			sourceTree = "<group>";
		};
		8DD036D526EC0E67005D4296 = {
			isa = PBXGroup;
			children = (
				8DD036E026EC0E68005D4296 /* tmdMovie */,
				8DD036DF26EC0E68005D4296 /* Products */,
			);
			sourceTree = "<group>";
		};
		8DD036DF26EC0E68005D4296 /* Products */ = {
			isa = PBXGroup;
			children = (
				8DD036DE26EC0E68005D4296 /* tmdMovie.app */,
			);
			name = Products;
			sourceTree = "<group>";
		};
		8DD036E026EC0E68005D4296 /* tmdMovie */ = {
			isa = PBXGroup;
			children = (
				8D6BAD7C26F101E3000EB1AF /* Helpers */,
				8DD0370426EC201B005D4296 /* Extensions */,
				8DD036FB26EC158F005D4296 /* Services */,
				8DD036FA26EC1588005D4296 /* Controller */,
				8DD036F926EC1582005D4296 /* View */,
				8DD036F826EC157B005D4296 /* Model */,
				8DD036E126EC0E68005D4296 /* AppDelegate.swift */,
				8DD036E326EC0E68005D4296 /* SceneDelegate.swift */,
				8DD036E526EC0E68005D4296 /* ViewController.swift */,
				8DD036E726EC0E68005D4296 /* Main.storyboard */,
				8DD036ED26EC0E6B005D4296 /* Assets.xcassets */,
				8DD036EF26EC0E6B005D4296 /* LaunchScreen.storyboard */,
				8DD036F226EC0E6B005D4296 /* Info.plist */,
				8DD036EA26EC0E68005D4296 /* tmdMovie.xcdatamodeld */,
			);
			path = tmdMovie;
			sourceTree = "<group>";
		};
		8DD036F826EC157B005D4296 /* Model */ = {
			isa = PBXGroup;
			children = (
				8D19512E26ED8E77008BA371 /* DataManager */,
				8DD036FC26EC15AC005D4296 /* Popular.swift */,
				8DD036FE26EC15C9005D4296 /* TopRated.swift */,
				8DD0370026EC15E1005D4296 /* UpComing.swift */,
				8DD0370726EC3CF7005D4296 /* APIError.swift */,
				8D19512C26ED8AEB008BA371 /* Movies.swift */,
			);
			path = Model;
			sourceTree = "<group>";
		};
		8DD036F926EC1582005D4296 /* View */ = {
			isa = PBXGroup;
			children = (
				8D6BAD8926F1163D000EB1AF /* SearchView */,
				8D6BAD8226F1140D000EB1AF /* UpcomingView */,
				8D6BAD8126F11403000EB1AF /* TopRatedView */,
				8D6BAD7F26F113BF000EB1AF /* PopularView */,
			);
			path = View;
			sourceTree = "<group>";
		};
		8DD036FA26EC1588005D4296 /* Controller */ = {
			isa = PBXGroup;
			children = (
				8D6BAD8826F11626000EB1AF /* Search */,
				8D6BAD8326F11418000EB1AF /* Upcoming */,
				8D6BAD8026F113FA000EB1AF /* TopRated */,
				8D301EE426F015DE00F5C66F /* Popular */,
				8D301EE226F005B600F5C66F /* BaseTabController.swift */,
				8D301EE726F019B600F5C66F /* BaseListController.swift */,
			);
			path = Controller;
			sourceTree = "<group>";
		};
		8DD036FB26EC158F005D4296 /* Services */ = {
			isa = PBXGroup;
			children = (
				8DD0370226EC16A2005D4296 /* MovieNetworkServices.swift */,
				8D301EDE26EFC9F800F5C66F /* NetworkServicesMovies.swift */,
				8D301EE026EFCFA500F5C66F /* MoviesServiceModel.swift */,
			);
			path = Services;
			sourceTree = "<group>";
		};
		8DD0370426EC201B005D4296 /* Extensions */ = {
			isa = PBXGroup;
			children = (
				8DD0370526EC2030005D4296 /* MD5.swift */,
			);
			path = Extensions;
			sourceTree = "<group>";
		};
/* End PBXGroup section */

/* Begin PBXNativeTarget section */
		8DD036DD26EC0E68005D4296 /* tmdMovie */ = {
			isa = PBXNativeTarget;
			buildConfigurationList = 8DD036F526EC0E6B005D4296 /* Build configuration list for PBXNativeTarget "tmdMovie" */;
			buildPhases = (
				8DD036DA26EC0E68005D4296 /* Sources */,
				8DD036DB26EC0E68005D4296 /* Frameworks */,
				8DD036DC26EC0E68005D4296 /* Resources */,
			);
			buildRules = (
			);
			dependencies = (
			);
			name = tmdMovie;
			productName = tmdMovie;
			productReference = 8DD036DE26EC0E68005D4296 /* tmdMovie.app */;
			productType = "com.apple.product-type.application";
		};
/* End PBXNativeTarget section */

/* Begin PBXProject section */
		8DD036D626EC0E67005D4296 /* Project object */ = {
			isa = PBXProject;
			attributes = {
				LastSwiftUpdateCheck = 1250;
				LastUpgradeCheck = 1250;
				TargetAttributes = {
					8DD036DD26EC0E68005D4296 = {
						CreatedOnToolsVersion = 12.5.1;
					};
				};
			};
			buildConfigurationList = 8DD036D926EC0E67005D4296 /* Build configuration list for PBXProject "tmdMovie" */;
			compatibilityVersion = "Xcode 9.3";
			developmentRegion = en;
			hasScannedForEncodings = 0;
			knownRegions = (
				en,
				Base,
			);
			mainGroup = 8DD036D526EC0E67005D4296;
			productRefGroup = 8DD036DF26EC0E68005D4296 /* Products */;
			projectDirPath = "";
			projectRoot = "";
			targets = (
				8DD036DD26EC0E68005D4296 /* tmdMovie */,
			);
		};
/* End PBXProject section */

/* Begin PBXResourcesBuildPhase section */
		8DD036DC26EC0E68005D4296 /* Resources */ = {
			isa = PBXResourcesBuildPhase;
			buildActionMask = 2147483647;
			files = (
				8DD036F126EC0E6B005D4296 /* LaunchScreen.storyboard in Resources */,
				8DD036EE26EC0E6B005D4296 /* Assets.xcassets in Resources */,
				8DD036E926EC0E68005D4296 /* Main.storyboard in Resources */,
			);
			runOnlyForDeploymentPostprocessing = 0;
		};
/* End PBXResourcesBuildPhase section */

/* Begin PBXSourcesBuildPhase section */
		8DD036DA26EC0E68005D4296 /* Sources */ = {
			isa = PBXSourcesBuildPhase;
			buildActionMask = 2147483647;
			files = (
				8D301EDF26EFC9F800F5C66F /* NetworkServicesMovies.swift in Sources */,
				8DD036E626EC0E68005D4296 /* ViewController.swift in Sources */,
				8D19512D26ED8AEB008BA371 /* Movies.swift in Sources */,
				8DD036FD26EC15AC005D4296 /* Popular.swift in Sources */,
				8D301EE126EFCFA500F5C66F /* MoviesServiceModel.swift in Sources */,
				8D19513126ED8EBA008BA371 /* DatabaseHandler.swift in Sources */,
				8DD036FF26EC15C9005D4296 /* TopRated.swift in Sources */,
				8DD0370826EC3CF7005D4296 /* APIError.swift in Sources */,
				8DD0370326EC16A2005D4296 /* MovieNetworkServices.swift in Sources */,
				8D6BAD8526F11489000EB1AF /* TopRatedViewController.swift in Sources */,
				8D301EE626F0161200F5C66F /* PopularController.swift in Sources */,
				8DD036E226EC0E68005D4296 /* AppDelegate.swift in Sources */,
				8D6BAD8C26F11676000EB1AF /* SearchViewController.swift in Sources */,
				8D6BAD8726F115C2000EB1AF /* UpcomingViewController.swift in Sources */,
				8D301EEA26F01B9E00F5C66F /* PopulaViewCell.swift in Sources */,
				8DD0370626EC2030005D4296 /* MD5.swift in Sources */,
				8D301EE826F019B600F5C66F /* BaseListController.swift in Sources */,
				8D301EE326F005B700F5C66F /* BaseTabController.swift in Sources */,
				8DD0370126EC15E1005D4296 /* UpComing.swift in Sources */,
				8DD036EC26EC0E68005D4296 /* tmdMovie.xcdatamodeld in Sources */,
				8D6BAD7E26F1020A000EB1AF /* UIView+Layout.swift in Sources */,
				8DD036E426EC0E68005D4296 /* SceneDelegate.swift in Sources */,
			);
			runOnlyForDeploymentPostprocessing = 0;
		};
/* End PBXSourcesBuildPhase section */

/* Begin PBXVariantGroup section */
		8DD036E726EC0E68005D4296 /* Main.storyboard */ = {
			isa = PBXVariantGroup;
			children = (
				8DD036E826EC0E68005D4296 /* Base */,
			);
			name = Main.storyboard;
			sourceTree = "<group>";
		};
		8DD036EF26EC0E6B005D4296 /* LaunchScreen.storyboard */ = {
			isa = PBXVariantGroup;
			children = (
				8DD036F026EC0E6B005D4296 /* Base */,
			);
			name = LaunchScreen.storyboard;
			sourceTree = "<group>";
		};
/* End PBXVariantGroup section */

/* Begin XCBuildConfiguration section */
		8DD036F326EC0E6B005D4296 /* Debug */ = {
			isa = XCBuildConfiguration;
			buildSettings = {
				ALWAYS_SEARCH_USER_PATHS = NO;
				CLANG_ANALYZER_NONNULL = YES;
				CLANG_ANALYZER_NUMBER_OBJECT_CONVERSION = YES_AGGRESSIVE;
				CLANG_CXX_LANGUAGE_STANDARD = "gnu++14";
				CLANG_CXX_LIBRARY = "libc++";
				CLANG_ENABLE_MODULES = YES;
				CLANG_ENABLE_OBJC_ARC = YES;
				CLANG_ENABLE_OBJC_WEAK = YES;
				CLANG_WARN_BLOCK_CAPTURE_AUTORELEASING = YES;
				CLANG_WARN_BOOL_CONVERSION = YES;
				CLANG_WARN_COMMA = YES;
				CLANG_WARN_CONSTANT_CONVERSION = YES;
				CLANG_WARN_DEPRECATED_OBJC_IMPLEMENTATIONS = YES;
				CLANG_WARN_DIRECT_OBJC_ISA_USAGE = YES_ERROR;
				CLANG_WARN_DOCUMENTATION_COMMENTS = YES;
				CLANG_WARN_EMPTY_BODY = YES;
				CLANG_WARN_ENUM_CONVERSION = YES;
				CLANG_WARN_INFINITE_RECURSION = YES;
				CLANG_WARN_INT_CONVERSION = YES;
				CLANG_WARN_NON_LITERAL_NULL_CONVERSION = YES;
				CLANG_WARN_OBJC_IMPLICIT_RETAIN_SELF = YES;
				CLANG_WARN_OBJC_LITERAL_CONVERSION = YES;
				CLANG_WARN_OBJC_ROOT_CLASS = YES_ERROR;
				CLANG_WARN_QUOTED_INCLUDE_IN_FRAMEWORK_HEADER = YES;
				CLANG_WARN_RANGE_LOOP_ANALYSIS = YES;
				CLANG_WARN_STRICT_PROTOTYPES = YES;
				CLANG_WARN_SUSPICIOUS_MOVE = YES;
				CLANG_WARN_UNGUARDED_AVAILABILITY = YES_AGGRESSIVE;
				CLANG_WARN_UNREACHABLE_CODE = YES;
				CLANG_WARN__DUPLICATE_METHOD_MATCH = YES;
				COPY_PHASE_STRIP = NO;
				DEBUG_INFORMATION_FORMAT = dwarf;
				ENABLE_STRICT_OBJC_MSGSEND = YES;
				ENABLE_TESTABILITY = YES;
				GCC_C_LANGUAGE_STANDARD = gnu11;
				GCC_DYNAMIC_NO_PIC = NO;
				GCC_NO_COMMON_BLOCKS = YES;
				GCC_OPTIMIZATION_LEVEL = 0;
				GCC_PREPROCESSOR_DEFINITIONS = (
					"DEBUG=1",
					"$(inherited)",
				);
				GCC_WARN_64_TO_32_BIT_CONVERSION = YES;
				GCC_WARN_ABOUT_RETURN_TYPE = YES_ERROR;
				GCC_WARN_UNDECLARED_SELECTOR = YES;
				GCC_WARN_UNINITIALIZED_AUTOS = YES_AGGRESSIVE;
				GCC_WARN_UNUSED_FUNCTION = YES;
				GCC_WARN_UNUSED_VARIABLE = YES;
				IPHONEOS_DEPLOYMENT_TARGET = 14.5;
				MTL_ENABLE_DEBUG_INFO = INCLUDE_SOURCE;
				MTL_FAST_MATH = YES;
				ONLY_ACTIVE_ARCH = YES;
				SDKROOT = iphoneos;
				SWIFT_ACTIVE_COMPILATION_CONDITIONS = DEBUG;
				SWIFT_OPTIMIZATION_LEVEL = "-Onone";
			};
			name = Debug;
		};
		8DD036F426EC0E6B005D4296 /* Release */ = {
			isa = XCBuildConfiguration;
			buildSettings = {
				ALWAYS_SEARCH_USER_PATHS = NO;
				CLANG_ANALYZER_NONNULL = YES;
				CLANG_ANALYZER_NUMBER_OBJECT_CONVERSION = YES_AGGRESSIVE;
				CLANG_CXX_LANGUAGE_STANDARD = "gnu++14";
				CLANG_CXX_LIBRARY = "libc++";
				CLANG_ENABLE_MODULES = YES;
				CLANG_ENABLE_OBJC_ARC = YES;
				CLANG_ENABLE_OBJC_WEAK = YES;
				CLANG_WARN_BLOCK_CAPTURE_AUTORELEASING = YES;
				CLANG_WARN_BOOL_CONVERSION = YES;
				CLANG_WARN_COMMA = YES;
				CLANG_WARN_CONSTANT_CONVERSION = YES;
				CLANG_WARN_DEPRECATED_OBJC_IMPLEMENTATIONS = YES;
				CLANG_WARN_DIRECT_OBJC_ISA_USAGE = YES_ERROR;
				CLANG_WARN_DOCUMENTATION_COMMENTS = YES;
				CLANG_WARN_EMPTY_BODY = YES;
				CLANG_WARN_ENUM_CONVERSION = YES;
				CLANG_WARN_INFINITE_RECURSION = YES;
				CLANG_WARN_INT_CONVERSION = YES;
				CLANG_WARN_NON_LITERAL_NULL_CONVERSION = YES;
				CLANG_WARN_OBJC_IMPLICIT_RETAIN_SELF = YES;
				CLANG_WARN_OBJC_LITERAL_CONVERSION = YES;
				CLANG_WARN_OBJC_ROOT_CLASS = YES_ERROR;
				CLANG_WARN_QUOTED_INCLUDE_IN_FRAMEWORK_HEADER = YES;
				CLANG_WARN_RANGE_LOOP_ANALYSIS = YES;
				CLANG_WARN_STRICT_PROTOTYPES = YES;
				CLANG_WARN_SUSPICIOUS_MOVE = YES;
				CLANG_WARN_UNGUARDED_AVAILABILITY = YES_AGGRESSIVE;
				CLANG_WARN_UNREACHABLE_CODE = YES;
				CLANG_WARN__DUPLICATE_METHOD_MATCH = YES;
				COPY_PHASE_STRIP = NO;
				DEBUG_INFORMATION_FORMAT = "dwarf-with-dsym";
				ENABLE_NS_ASSERTIONS = NO;
				ENABLE_STRICT_OBJC_MSGSEND = YES;
				GCC_C_LANGUAGE_STANDARD = gnu11;
				GCC_NO_COMMON_BLOCKS = YES;
				GCC_WARN_64_TO_32_BIT_CONVERSION = YES;
				GCC_WARN_ABOUT_RETURN_TYPE = YES_ERROR;
				GCC_WARN_UNDECLARED_SELECTOR = YES;
				GCC_WARN_UNINITIALIZED_AUTOS = YES_AGGRESSIVE;
				GCC_WARN_UNUSED_FUNCTION = YES;
				GCC_WARN_UNUSED_VARIABLE = YES;
				IPHONEOS_DEPLOYMENT_TARGET = 14.5;
				MTL_ENABLE_DEBUG_INFO = NO;
				MTL_FAST_MATH = YES;
				SDKROOT = iphoneos;
				SWIFT_COMPILATION_MODE = wholemodule;
				SWIFT_OPTIMIZATION_LEVEL = "-O";
				VALIDATE_PRODUCT = YES;
			};
			name = Release;
		};
		8DD036F626EC0E6B005D4296 /* Debug */ = {
			isa = XCBuildConfiguration;
			buildSettings = {
				ASSETCATALOG_COMPILER_APPICON_NAME = AppIcon;
				ASSETCATALOG_COMPILER_GLOBAL_ACCENT_COLOR_NAME = AccentColor;
				CODE_SIGN_STYLE = Automatic;
				DEVELOPMENT_TEAM = S52ZRS44GD;
				INFOPLIST_FILE = tmdMovie/Info.plist;
				LD_RUNPATH_SEARCH_PATHS = (
					"$(inherited)",
					"@executable_path/Frameworks",
				);
				PRODUCT_BUNDLE_IDENTIFIER = com.detotounpoquito.tmdMovie;
				PRODUCT_NAME = "$(TARGET_NAME)";
				SWIFT_VERSION = 5.0;
				TARGETED_DEVICE_FAMILY = "1,2";
			};
			name = Debug;
		};
		8DD036F726EC0E6B005D4296 /* Release */ = {
			isa = XCBuildConfiguration;
			buildSettings = {
				ASSETCATALOG_COMPILER_APPICON_NAME = AppIcon;
				ASSETCATALOG_COMPILER_GLOBAL_ACCENT_COLOR_NAME = AccentColor;
				CODE_SIGN_STYLE = Automatic;
				DEVELOPMENT_TEAM = S52ZRS44GD;
				INFOPLIST_FILE = tmdMovie/Info.plist;
				LD_RUNPATH_SEARCH_PATHS = (
					"$(inherited)",
					"@executable_path/Frameworks",
				);
				PRODUCT_BUNDLE_IDENTIFIER = com.detotounpoquito.tmdMovie;
				PRODUCT_NAME = "$(TARGET_NAME)";
				SWIFT_VERSION = 5.0;
				TARGETED_DEVICE_FAMILY = "1,2";
			};
			name = Release;
		};
/* End XCBuildConfiguration section */

/* Begin XCConfigurationList section */
		8DD036D926EC0E67005D4296 /* Build configuration list for PBXProject "tmdMovie" */ = {
			isa = XCConfigurationList;
			buildConfigurations = (
				8DD036F326EC0E6B005D4296 /* Debug */,
				8DD036F426EC0E6B005D4296 /* Release */,
			);
			defaultConfigurationIsVisible = 0;
			defaultConfigurationName = Release;
		};
		8DD036F526EC0E6B005D4296 /* Build configuration list for PBXNativeTarget "tmdMovie" */ = {
			isa = XCConfigurationList;
			buildConfigurations = (
				8DD036F626EC0E6B005D4296 /* Debug */,
				8DD036F726EC0E6B005D4296 /* Release */,
			);
			defaultConfigurationIsVisible = 0;
			defaultConfigurationName = Release;
		};
/* End XCConfigurationList section */

/* Begin XCVersionGroup section */
		8DD036EA26EC0E68005D4296 /* tmdMovie.xcdatamodeld */ = {
			isa = XCVersionGroup;
			children = (
				8DD036EB26EC0E68005D4296 /* tmdMovie.xcdatamodel */,
			);
			currentVersion = 8DD036EB26EC0E68005D4296 /* tmdMovie.xcdatamodel */;
			path = tmdMovie.xcdatamodeld;
			sourceTree = "<group>";
			versionGroupType = wrapper.xcdatamodel;
		};
/* End XCVersionGroup section */
	};
	rootObject = 8DD036D626EC0E67005D4296 /* Project object */;
}
